
Microsoft Visual Studio Solution File, Format Version 12.00
# Visual Studio Version 17
VisualStudioVersion = 17.9.34902.65
MinimumVisualStudioVersion = 10.0.40219.1
Project("{9A19103F-16F7-4668-BE54-9A1E7A4F7556}") = "SystemAdmin-FunctionalTests", "SystemAdmin-FunctionalTests\SystemAdmin-FunctionalTests.csproj", "{0B503B40-279B-4055-AE9E-7F89C60C1593}"
EndProject
Project("{9A19103F-16F7-4668-BE54-9A1E7A4F7556}") = "SystemAdmin-UnitTests", "SystemAdmin-UnitTests\SystemAdmin-UnitTests.csproj", "{A2DCAED5-9363-4A65-9A17-4B56A506BBFD}"
EndProject
Project("{9A19103F-16F7-4668-BE54-9A1E7A4F7556}") = "SystemAdmin", "SystemAdmin\SystemAdmin.csproj", "{7768F08C-D6D9-4C62-818A-CCAD7F992851}"
EndProject
Global
	GlobalSection(SolutionConfigurationPlatforms) = preSolution
		Debug|Any CPU = Debug|Any CPU
		Release|Any CPU = Release|Any CPU
	EndGlobalSection
	GlobalSection(ProjectConfigurationPlatforms) = postSolution
		{0B503B40-279B-4055-AE9E-7F89C60C1593}.Debug|Any CPU.ActiveCfg = Debug|Any CPU
		{0B503B40-279B-4055-AE9E-7F89C60C1593}.Debug|Any CPU.Build.0 = Debug|Any CPU
		{0B503B40-279B-4055-AE9E-7F89C60C1593}.Release|Any CPU.ActiveCfg = Release|Any CPU
		{0B503B40-279B-4055-AE9E-7F89C60C1593}.Release|Any CPU.Build.0 = Release|Any CPU
		{A2DCAED5-9363-4A65-9A17-4B56A506BBFD}.Debug|Any CPU.ActiveCfg = Debug|Any CPU
		{A2DCAED5-9363-4A65-9A17-4B56A506BBFD}.Debug|Any CPU.Build.0 = Debug|Any CPU
		{A2DCAED5-9363-4A65-9A17-4B56A506BBFD}.Release|Any CPU.ActiveCfg = Release|Any CPU
		{A2DCAED5-9363-4A65-9A17-4B56A506BBFD}.Release|Any CPU.Build.0 = Release|Any CPU
		{7768F08C-D6D9-4C62-818A-CCAD7F992851}.Debug|Any CPU.ActiveCfg = Debug|Any CPU
		{7768F08C-D6D9-4C62-818A-CCAD7F992851}.Debug|Any CPU.Build.0 = Debug|Any CPU
		{7768F08C-D6D9-4C62-818A-CCAD7F992851}.Release|Any CPU.ActiveCfg = Release|Any CPU
		{7768F08C-D6D9-4C62-818A-CCAD7F992851}.Release|Any CPU.Build.0 = Release|Any CPU
	EndGlobalSection
	GlobalSection(SolutionProperties) = preSolution
		HideSolutionNode = FALSE
	EndGlobalSection
	GlobalSection(ExtensibilityGlobals) = postSolution
		SolutionGuid = {848FE163-99F4-4788-AA60-5930572F5940}
	EndGlobalSection
EndGlobal
